
Microsoft Visual Studio Solution File, Format Version 12.00
# Visual Studio Version 17
VisualStudioVersion = 17.5.002.0
MinimumVisualStudioVersion = 10.0.40219.1
Project("{9A19103F-16F7-4668-BE54-9A1E7A4F7556}") = "server", "server.csproj", "{69D16E75-C1FA-4A26-96EF-C8ECF4459114}"
EndProject
Global
	GlobalSection(SolutionConfigurationPlatforms) = preSolution
		Debug|Any CPU = Debug|Any CPU
		Release|Any CPU = Release|Any CPU
	EndGlobalSection
	GlobalSection(ProjectConfigurationPlatforms) = postSolution
		{69D16E75-C1FA-4A26-96EF-C8ECF4459114}.Debug|Any CPU.ActiveCfg = Debug|Any CPU
		{69D16E75-C1FA-4A26-96EF-C8ECF4459114}.Debug|Any CPU.Build.0 = Debug|Any CPU
		{69D16E75-C1FA-4A26-96EF-C8ECF4459114}.Release|Any CPU.ActiveCfg = Release|Any CPU
		{69D16E75-C1FA-4A26-96EF-C8ECF4459114}.Release|Any CPU.Build.0 = Release|Any CPU
	EndGlobalSection
	GlobalSection(SolutionProperties) = preSolution
		HideSolutionNode = FALSE
	EndGlobalSection
	GlobalSection(ExtensibilityGlobals) = postSolution
		SolutionGuid = {41F60945-9F3C-4273-AECF-4F274807B388}
	EndGlobalSection
EndGlobal
